
Microsoft Visual Studio Solution File, Format Version 12.00
# Visual Studio Version 17
VisualStudioVersion = 17.0.31903.59
MinimumVisualStudioVersion = 10.0.40219.1
Project("{2150E333-8FDC-42A3-9474-1A3956D46DE8}") = "src", "src", "{690067EE-7AB8-4501-956F-943048217427}"
EndProject
Project("{FAE04EC0-301F-11D3-BF4B-00C04F79EFBC}") = "CableGuard.ControlCenter.Core", "src\CableGuard.ControlCenter.Core\CableGuard.ControlCenter.Core.csproj", "{A3167FE0-02D9-460D-9E6D-EA31845078CD}"
EndProject
Project("{2150E333-8FDC-42A3-9474-1A3956D46DE8}") = "tests", "tests", "{C18B3D62-3419-4953-9201-647CB4A4D030}"
EndProject
Project("{FAE04EC0-301F-11D3-BF4B-00C04F79EFBC}") = "CableGuard.ControlCenter.Tests", "tests\CableGuard.ControlCenter.Tests\CableGuard.ControlCenter.Tests.csproj", "{C3D0D878-4C79-4332-A661-5AEC2D1C1730}"
EndProject
Project("{FAE04EC0-301F-11D3-BF4B-00C04F79EFBC}") = "CableGuard.ControlCenter", "src\CableGuard.ControlCenter\CableGuard.ControlCenter.csproj", "{FA7FE45B-C5E1-484A-B741-5B900CBD426D}"
EndProject
Global
	GlobalSection(SolutionConfigurationPlatforms) = preSolution
		Debug|Any CPU = Debug|Any CPU
		Release|Any CPU = Release|Any CPU
	EndGlobalSection
	GlobalSection(SolutionProperties) = preSolution
		HideSolutionNode = FALSE
	EndGlobalSection
	GlobalSection(ProjectConfigurationPlatforms) = postSolution
		{A3167FE0-02D9-460D-9E6D-EA31845078CD}.Debug|Any CPU.ActiveCfg = Debug|Any CPU
		{A3167FE0-02D9-460D-9E6D-EA31845078CD}.Debug|Any CPU.Build.0 = Debug|Any CPU
		{A3167FE0-02D9-460D-9E6D-EA31845078CD}.Release|Any CPU.ActiveCfg = Release|Any CPU
		{A3167FE0-02D9-460D-9E6D-EA31845078CD}.Release|Any CPU.Build.0 = Release|Any CPU
		{C3D0D878-4C79-4332-A661-5AEC2D1C1730}.Debug|Any CPU.ActiveCfg = Debug|Any CPU
		{C3D0D878-4C79-4332-A661-5AEC2D1C1730}.Debug|Any CPU.Build.0 = Debug|Any CPU
		{C3D0D878-4C79-4332-A661-5AEC2D1C1730}.Release|Any CPU.ActiveCfg = Release|Any CPU
		{C3D0D878-4C79-4332-A661-5AEC2D1C1730}.Release|Any CPU.Build.0 = Release|Any CPU
		{FA7FE45B-C5E1-484A-B741-5B900CBD426D}.Debug|Any CPU.ActiveCfg = Debug|Any CPU
		{FA7FE45B-C5E1-484A-B741-5B900CBD426D}.Debug|Any CPU.Build.0 = Debug|Any CPU
		{FA7FE45B-C5E1-484A-B741-5B900CBD426D}.Release|Any CPU.ActiveCfg = Release|Any CPU
		{FA7FE45B-C5E1-484A-B741-5B900CBD426D}.Release|Any CPU.Build.0 = Release|Any CPU
	EndGlobalSection
	GlobalSection(NestedProjects) = preSolution
		{A3167FE0-02D9-460D-9E6D-EA31845078CD} = {690067EE-7AB8-4501-956F-943048217427}
		{C3D0D878-4C79-4332-A661-5AEC2D1C1730} = {C18B3D62-3419-4953-9201-647CB4A4D030}
		{FA7FE45B-C5E1-484A-B741-5B900CBD426D} = {690067EE-7AB8-4501-956F-943048217427}
	EndGlobalSection
EndGlobal
